
Microsoft Visual Studio Solution File, Format Version 12.00
# Visual Studio Version 16
VisualStudioVersion = 16.0.30309.148
MinimumVisualStudioVersion = 10.0.40219.1
Project("{FAE04EC0-301F-11D3-BF4B-00C04F79EFBC}") = "OnlineShop", "OnlineShop\OnlineShop.csproj", "{C2C8D263-DF2A-4C2A-8FEA-EA35172ACF4B}"
EndProject
Global
	GlobalSection(SolutionConfigurationPlatforms) = preSolution
		Debug|Any CPU = Debug|Any CPU
		Release|Any CPU = Release|Any CPU
	EndGlobalSection
	GlobalSection(ProjectConfigurationPlatforms) = postSolution
		{C2C8D263-DF2A-4C2A-8FEA-EA35172ACF4B}.Debug|Any CPU.ActiveCfg = Debug|Any CPU
		{C2C8D263-DF2A-4C2A-8FEA-EA35172ACF4B}.Debug|Any CPU.Build.0 = Debug|Any CPU
		{C2C8D263-DF2A-4C2A-8FEA-EA35172ACF4B}.Release|Any CPU.ActiveCfg = Release|Any CPU
		{C2C8D263-DF2A-4C2A-8FEA-EA35172ACF4B}.Release|Any CPU.Build.0 = Release|Any CPU
	EndGlobalSection
	GlobalSection(SolutionProperties) = preSolution
		HideSolutionNode = FALSE
	EndGlobalSection
	GlobalSection(ExtensibilityGlobals) = postSolution
		SolutionGuid = {5D61AC3C-E008-4F26-874F-A0B51055379A}
	EndGlobalSection
EndGlobal
